{
  "version": 4,
  "terraform_version": "0.14.9",
  "serial": 3,
  "lineage": "03611009-430e-9cbf-df97-c74d5d7f3e43",
  "outputs": {},
  "resources": [
    {
      "mode": "managed",
      "type": "google_service_account",
      "name": "test-srv",
      "provider": "provider[\"registry.terraform.io/hashicorp/google\"]",
      "instances": [
        {
          "schema_version": 0,
          "attributes": {
            "account_id": "test-srv",
            "description": "",
            "disabled": false,
            "display_name": "Test-srv",
            "email": "test-srv@model-axe-117106.iam.gserviceaccount.com",
            "id": "projects/model-axe-117106/serviceAccounts/test-srv@model-axe-117106.iam.gserviceaccount.com",
            "name": "projects/model-axe-117106/serviceAccounts/test-srv@model-axe-117106.iam.gserviceaccount.com",
            "project": "model-axe-117106",
            "timeouts": null,
            "unique_id": "114831021390484338681"
          },
          "sensitive_attributes": [],
          "private": "eyJlMmJmYjczMC1lY2FhLTExZTYtOGY4OC0zNDM2M2JjN2M0YzAiOnsiY3JlYXRlIjozMDAwMDAwMDAwMDB9fQ=="
        }
      ]
    }
  ]
}
